
Microsoft Visual Studio Solution File, Format Version 12.00
# Visual Studio Version 17
VisualStudioVersion = 17.6.33801.468
MinimumVisualStudioVersion = 10.0.40219.1
Project("{FAE04EC0-301F-11D3-BF4B-00C04F79EFBC}") = "Caliburn.Micro.Tutorial.Wpf", "Caliburn.Micro.Tutorial.Wpf\Caliburn.Micro.Tutorial.Wpf.csproj", "{748F0E09-5E3F-4D23-AC38-41D61BC30CED}"
EndProject
Global
	GlobalSection(SolutionConfigurationPlatforms) = preSolution
		Debug|Any CPU = Debug|Any CPU
		Release|Any CPU = Release|Any CPU
	EndGlobalSection
	GlobalSection(ProjectConfigurationPlatforms) = postSolution
		{748F0E09-5E3F-4D23-AC38-41D61BC30CED}.Debug|Any CPU.ActiveCfg = Debug|Any CPU
		{748F0E09-5E3F-4D23-AC38-41D61BC30CED}.Debug|Any CPU.Build.0 = Debug|Any CPU
		{748F0E09-5E3F-4D23-AC38-41D61BC30CED}.Release|Any CPU.ActiveCfg = Release|Any CPU
		{748F0E09-5E3F-4D23-AC38-41D61BC30CED}.Release|Any CPU.Build.0 = Release|Any CPU
	EndGlobalSection
	GlobalSection(SolutionProperties) = preSolution
		HideSolutionNode = FALSE
	EndGlobalSection
	GlobalSection(ExtensibilityGlobals) = postSolution
		SolutionGuid = {04C33B0B-6D94-442D-9737-B96B49B6E22E}
	EndGlobalSection
EndGlobal
